// !$*UTF8*$!
{
	archiveVersion = 1;
	classes = {
	};
	objectVersion = 46;
	objects = {

/* Begin PBXBuildFile section */
		0A450FC66ED63EEA12036B28 /* Pods_swift_compiler_hang.framework in Frameworks */ = {isa = PBXBuildFile; fileRef = 780569BC9B8B9108A84E9DC6 /* Pods_swift_compiler_hang.framework */; };
		715113C81EAA717E0072A0CC /* AppDelegate.swift in Sources */ = {isa = PBXBuildFile; fileRef = 715113C71EAA717E0072A0CC /* AppDelegate.swift */; };
		715113CA1EAA717E0072A0CC /* ViewController.swift in Sources */ = {isa = PBXBuildFile; fileRef = 715113C91EAA717E0072A0CC /* ViewController.swift */; };
		715113CD1EAA717E0072A0CC /* Main.storyboard in Resources */ = {isa = PBXBuildFile; fileRef = 715113CB1EAA717E0072A0CC /* Main.storyboard */; };
		715113CF1EAA717E0072A0CC /* Assets.xcassets in Resources */ = {isa = PBXBuildFile; fileRef = 715113CE1EAA717E0072A0CC /* Assets.xcassets */; };
		715113D21EAA717E0072A0CC /* LaunchScreen.storyboard in Resources */ = {isa = PBXBuildFile; fileRef = 715113D01EAA717E0072A0CC /* LaunchScreen.storyboard */; };
/* End PBXBuildFile section */

/* Begin PBXFileReference section */
		715113C41EAA717E0072A0CC /* swift-compiler-hang.app */ = {isa = PBXFileReference; explicitFileType = wrapper.application; includeInIndex = 0; path = "swift-compiler-hang.app"; sourceTree = BUILT_PRODUCTS_DIR; };
		715113C71EAA717E0072A0CC /* AppDelegate.swift */ = {isa = PBXFileReference; lastKnownFileType = sourcecode.swift; path = AppDelegate.swift; sourceTree = "<group>"; };
		715113C91EAA717E0072A0CC /* ViewController.swift */ = {isa = PBXFileReference; lastKnownFileType = sourcecode.swift; path = ViewController.swift; sourceTree = "<group>"; };
		715113CC1EAA717E0072A0CC /* Base */ = {isa = PBXFileReference; lastKnownFileType = file.storyboard; name = Base; path = Base.lproj/Main.storyboard; sourceTree = "<group>"; };
		715113CE1EAA717E0072A0CC /* Assets.xcassets */ = {isa = PBXFileReference; lastKnownFileType = folder.assetcatalog; path = Assets.xcassets; sourceTree = "<group>"; };
		715113D11EAA717E0072A0CC /* Base */ = {isa = PBXFileReference; lastKnownFileType = file.storyboard; name = Base; path = Base.lproj/LaunchScreen.storyboard; sourceTree = "<group>"; };
		715113D31EAA717E0072A0CC /* Info.plist */ = {isa = PBXFileReference; lastKnownFileType = text.plist.xml; path = Info.plist; sourceTree = "<group>"; };
		715113D91EAA737A0072A0CC /* Bridging-Header.h */ = {isa = PBXFileReference; lastKnownFileType = sourcecode.c.h; path = "Bridging-Header.h"; sourceTree = "<group>"; };
		780569BC9B8B9108A84E9DC6 /* Pods_swift_compiler_hang.framework */ = {isa = PBXFileReference; explicitFileType = wrapper.framework; includeInIndex = 0; path = Pods_swift_compiler_hang.framework; sourceTree = BUILT_PRODUCTS_DIR; };
		A4485E87E454C4D0A1502C48 /* Pods-swift-compiler-hang.debug.xcconfig */ = {isa = PBXFileReference; includeInIndex = 1; lastKnownFileType = text.xcconfig; name = "Pods-swift-compiler-hang.debug.xcconfig"; path = "Pods/Target Support Files/Pods-swift-compiler-hang/Pods-swift-compiler-hang.debug.xcconfig"; sourceTree = "<group>"; };
		A98B751A7CA984EBCC263ABF /* Pods-swift-compiler-hang.release.xcconfig */ = {isa = PBXFileReference; includeInIndex = 1; lastKnownFileType = text.xcconfig; name = "Pods-swift-compiler-hang.release.xcconfig"; path = "Pods/Target Support Files/Pods-swift-compiler-hang/Pods-swift-compiler-hang.release.xcconfig"; sourceTree = "<group>"; };
/* End PBXFileReference section */

/* Begin PBXFrameworksBuildPhase section */
		715113C11EAA717E0072A0CC /* Frameworks */ = {
			isa = PBXFrameworksBuildPhase;
			buildActionMask = 2147483647;
			files = (
				0A450FC66ED63EEA12036B28 /* Pods_swift_compiler_hang.framework in Frameworks */,
			);
			runOnlyForDeploymentPostprocessing = 0;
		};
/* End PBXFrameworksBuildPhase section */

/* Begin PBXGroup section */
		305072302D9808BDD4D38819 /* Frameworks */ = {
			isa = PBXGroup;
			children = (
				780569BC9B8B9108A84E9DC6 /* Pods_swift_compiler_hang.framework */,
			);
			name = Frameworks;
			sourceTree = "<group>";
		};
		715113BB1EAA717D0072A0CC = {
			isa = PBXGroup;
			children = (
				715113C61EAA717E0072A0CC /* swift-compiler-hang */,
				715113C51EAA717E0072A0CC /* Products */,
				E21B1A93E9E3DB7AD81FB3D7 /* Pods */,
				305072302D9808BDD4D38819 /* Frameworks */,
			);
			sourceTree = "<group>";
		};
		715113C51EAA717E0072A0CC /* Products */ = {
			isa = PBXGroup;
			children = (
				715113C41EAA717E0072A0CC /* swift-compiler-hang.app */,
			);
			name = Products;
			sourceTree = "<group>";
		};
		715113C61EAA717E0072A0CC /* swift-compiler-hang */ = {
			isa = PBXGroup;
			children = (
				715113C71EAA717E0072A0CC /* AppDelegate.swift */,
				715113D91EAA737A0072A0CC /* Bridging-Header.h */,
				715113C91EAA717E0072A0CC /* ViewController.swift */,
				715113CB1EAA717E0072A0CC /* Main.storyboard */,
				715113CE1EAA717E0072A0CC /* Assets.xcassets */,
				715113D01EAA717E0072A0CC /* LaunchScreen.storyboard */,
				715113D31EAA717E0072A0CC /* Info.plist */,
			);
			path = "swift-compiler-hang";
			sourceTree = "<group>";
		};
		E21B1A93E9E3DB7AD81FB3D7 /* Pods */ = {
			isa = PBXGroup;
			children = (
				A4485E87E454C4D0A1502C48 /* Pods-swift-compiler-hang.debug.xcconfig */,
				A98B751A7CA984EBCC263ABF /* Pods-swift-compiler-hang.release.xcconfig */,
			);
			name = Pods;
			sourceTree = "<group>";
		};
/* End PBXGroup section */

/* Begin PBXNativeTarget section */
		715113C31EAA717E0072A0CC /* swift-compiler-hang */ = {
			isa = PBXNativeTarget;
			buildConfigurationList = 715113D61EAA717E0072A0CC /* Build configuration list for PBXNativeTarget "swift-compiler-hang" */;
			buildPhases = (
				674899D19BB27C834C200CEE /* [CP] Check Pods Manifest.lock */,
				715113C01EAA717E0072A0CC /* Sources */,
				715113C11EAA717E0072A0CC /* Frameworks */,
				715113C21EAA717E0072A0CC /* Resources */,
				7D7928B9DD8B315DC8233FFF /* [CP] Embed Pods Frameworks */,
				27E915FF3308597E8947DD9D /* [CP] Copy Pods Resources */,
			);
			buildRules = (
			);
			dependencies = (
			);
			name = "swift-compiler-hang";
			productName = "swift-compiler-hang";
			productReference = 715113C41EAA717E0072A0CC /* swift-compiler-hang.app */;
			productType = "com.apple.product-type.application";
		};
/* End PBXNativeTarget section */

/* Begin PBXProject section */
		715113BC1EAA717D0072A0CC /* Project object */ = {
			isa = PBXProject;
			attributes = {
				LastSwiftUpdateCheck = 0830;
				LastUpgradeCheck = 0830;
				ORGANIZATIONNAME = "Eric Denman";
				TargetAttributes = {
					715113C31EAA717E0072A0CC = {
						CreatedOnToolsVersion = 8.3.1;
						DevelopmentTeam = 99K375NN6J;
						ProvisioningStyle = Automatic;
					};
				};
			};
			buildConfigurationList = 715113BF1EAA717D0072A0CC /* Build configuration list for PBXProject "swift-compiler-hang" */;
			compatibilityVersion = "Xcode 3.2";
			developmentRegion = English;
			hasScannedForEncodings = 0;
			knownRegions = (
				en,
				Base,
			);
			mainGroup = 715113BB1EAA717D0072A0CC;
			productRefGroup = 715113C51EAA717E0072A0CC /* Products */;
			projectDirPath = "";
			projectRoot = "";
			targets = (
				715113C31EAA717E0072A0CC /* swift-compiler-hang */,
			);
		};
/* End PBXProject section */

/* Begin PBXResourcesBuildPhase section */
		715113C21EAA717E0072A0CC /* Resources */ = {
			isa = PBXResourcesBuildPhase;
			buildActionMask = 2147483647;
			files = (
				715113D21EAA717E0072A0CC /* LaunchScreen.storyboard in Resources */,
				715113CF1EAA717E0072A0CC /* Assets.xcassets in Resources */,
				715113CD1EAA717E0072A0CC /* Main.storyboard in Resources */,
			);
			runOnlyForDeploymentPostprocessing = 0;
		};
/* End PBXResourcesBuildPhase section */

/* Begin PBXShellScriptBuildPhase section */
		27E915FF3308597E8947DD9D /* [CP] Copy Pods Resources */ = {
			isa = PBXShellScriptBuildPhase;
			buildActionMask = 2147483647;
			files = (
			);
			inputPaths = (
			);
			name = "[CP] Copy Pods Resources";
			outputPaths = (
			);
			runOnlyForDeploymentPostprocessing = 0;
			shellPath = /bin/sh;
			shellScript = "\"${SRCROOT}/Pods/Target Support Files/Pods-swift-compiler-hang/Pods-swift-compiler-hang-resources.sh\"\n";
			showEnvVarsInLog = 0;
		};
		674899D19BB27C834C200CEE /* [CP] Check Pods Manifest.lock */ = {
			isa = PBXShellScriptBuildPhase;
			buildActionMask = 2147483647;
			files = (
			);
			inputPaths = (
			);
			name = "[CP] Check Pods Manifest.lock";
			outputPaths = (
			);
			runOnlyForDeploymentPostprocessing = 0;
			shellPath = /bin/sh;
			shellScript = "diff \"${PODS_ROOT}/../Podfile.lock\" \"${PODS_ROOT}/Manifest.lock\" > /dev/null\nif [ $? != 0 ] ; then\n    # print error to STDERR\n    echo \"error: The sandbox is not in sync with the Podfile.lock. Run 'pod install' or update your CocoaPods installation.\" >&2\n    exit 1\nfi\n";
			showEnvVarsInLog = 0;
		};
		7D7928B9DD8B315DC8233FFF /* [CP] Embed Pods Frameworks */ = {
			isa = PBXShellScriptBuildPhase;
			buildActionMask = 2147483647;
			files = (
			);
			inputPaths = (
			);
			name = "[CP] Embed Pods Frameworks";
			outputPaths = (
			);
			runOnlyForDeploymentPostprocessing = 0;
			shellPath = /bin/sh;
			shellScript = "\"${SRCROOT}/Pods/Target Support Files/Pods-swift-compiler-hang/Pods-swift-compiler-hang-frameworks.sh\"\n";
			showEnvVarsInLog = 0;
		};
/* End PBXShellScriptBuildPhase section */

/* Begin PBXSourcesBuildPhase section */
		715113C01EAA717E0072A0CC /* Sources */ = {
			isa = PBXSourcesBuildPhase;
			buildActionMask = 2147483647;
			files = (
				715113CA1EAA717E0072A0CC /* ViewController.swift in Sources */,
				715113C81EAA717E0072A0CC /* AppDelegate.swift in Sources */,
			);
			runOnlyForDeploymentPostprocessing = 0;
		};
/* End PBXSourcesBuildPhase section */

/* Begin PBXVariantGroup section */
		715113CB1EAA717E0072A0CC /* Main.storyboard */ = {
			isa = PBXVariantGroup;
			children = (
				715113CC1EAA717E0072A0CC /* Base */,
			);
			name = Main.storyboard;
			sourceTree = "<group>";
		};
		715113D01EAA717E0072A0CC /* LaunchScreen.storyboard */ = {
			isa = PBXVariantGroup;
			children = (
				715113D11EAA717E0072A0CC /* Base */,
			);
			name = LaunchScreen.storyboard;
			sourceTree = "<group>";
		};
/* End PBXVariantGroup section */

/* Begin XCBuildConfiguration section */
		715113D41EAA717E0072A0CC /* Debug */ = {
			isa = XCBuildConfiguration;
			buildSettings = {
				ALWAYS_SEARCH_USER_PATHS = NO;
				CLANG_ANALYZER_NONNULL = YES;
				CLANG_ANALYZER_NUMBER_OBJECT_CONVERSION = YES_AGGRESSIVE;
				CLANG_CXX_LANGUAGE_STANDARD = "gnu++0x";
				CLANG_CXX_LIBRARY = "libc++";
				CLANG_ENABLE_MODULES = YES;
				CLANG_ENABLE_OBJC_ARC = YES;
				CLANG_WARN_BOOL_CONVERSION = YES;
				CLANG_WARN_CONSTANT_CONVERSION = YES;
				CLANG_WARN_DIRECT_OBJC_ISA_USAGE = YES_ERROR;
				CLANG_WARN_DOCUMENTATION_COMMENTS = YES;
				CLANG_WARN_EMPTY_BODY = YES;
				CLANG_WARN_ENUM_CONVERSION = YES;
				CLANG_WARN_INFINITE_RECURSION = YES;
				CLANG_WARN_INT_CONVERSION = YES;
				CLANG_WARN_OBJC_ROOT_CLASS = YES_ERROR;
				CLANG_WARN_SUSPICIOUS_MOVE = YES;
				CLANG_WARN_UNREACHABLE_CODE = YES;
				CLANG_WARN__DUPLICATE_METHOD_MATCH = YES;
				"CODE_SIGN_IDENTITY[sdk=iphoneos*]" = "iPhone Developer";
				COPY_PHASE_STRIP = NO;
				DEBUG_INFORMATION_FORMAT = dwarf;
				ENABLE_STRICT_OBJC_MSGSEND = YES;
				ENABLE_TESTABILITY = YES;
				GCC_C_LANGUAGE_STANDARD = gnu99;
				GCC_DYNAMIC_NO_PIC = NO;
				GCC_NO_COMMON_BLOCKS = YES;
				GCC_OPTIMIZATION_LEVEL = 0;
				GCC_PREPROCESSOR_DEFINITIONS = (
					"DEBUG=1",
					"$(inherited)",
				);
				GCC_WARN_64_TO_32_BIT_CONVERSION = YES;
				GCC_WARN_ABOUT_RETURN_TYPE = YES_ERROR;
				GCC_WARN_UNDECLARED_SELECTOR = YES;
				GCC_WARN_UNINITIALIZED_AUTOS = YES_AGGRESSIVE;
				GCC_WARN_UNUSED_FUNCTION = YES;
				GCC_WARN_UNUSED_VARIABLE = YES;
				IPHONEOS_DEPLOYMENT_TARGET = 10.3;
				MTL_ENABLE_DEBUG_INFO = YES;
				ONLY_ACTIVE_ARCH = YES;
				SDKROOT = iphoneos;
				SWIFT_ACTIVE_COMPILATION_CONDITIONS = DEBUG;
				SWIFT_OPTIMIZATION_LEVEL = "-Onone";
				TARGETED_DEVICE_FAMILY = "1,2";
			};
			name = Debug;
		};
		715113D51EAA717E0072A0CC /* Release */ = {
			isa = XCBuildConfiguration;
			buildSettings = {
				ALWAYS_SEARCH_USER_PATHS = NO;
				CLANG_ANALYZER_NONNULL = YES;
				CLANG_ANALYZER_NUMBER_OBJECT_CONVERSION = YES_AGGRESSIVE;
				CLANG_CXX_LANGUAGE_STANDARD = "gnu++0x";
				CLANG_CXX_LIBRARY = "libc++";
				CLANG_ENABLE_MODULES = YES;
				CLANG_ENABLE_OBJC_ARC = YES;
				CLANG_WARN_BOOL_CONVERSION = YES;
				CLANG_WARN_CONSTANT_CONVERSION = YES;
				CLANG_WARN_DIRECT_OBJC_ISA_USAGE = YES_ERROR;
				CLANG_WARN_DOCUMENTATION_COMMENTS = YES;
				CLANG_WARN_EMPTY_BODY = YES;
				CLANG_WARN_ENUM_CONVERSION = YES;
				CLANG_WARN_INFINITE_RECURSION = YES;
				CLANG_WARN_INT_CONVERSION = YES;
				CLANG_WARN_OBJC_ROOT_CLASS = YES_ERROR;
				CLANG_WARN_SUSPICIOUS_MOVE = YES;
				CLANG_WARN_UNREACHABLE_CODE = YES;
				CLANG_WARN__DUPLICATE_METHOD_MATCH = YES;
				"CODE_SIGN_IDENTITY[sdk=iphoneos*]" = "iPhone Developer";
				COPY_PHASE_STRIP = NO;
				DEBUG_INFORMATION_FORMAT = "dwarf-with-dsym";
				ENABLE_NS_ASSERTIONS = NO;
				ENABLE_STRICT_OBJC_MSGSEND = YES;
				GCC_C_LANGUAGE_STANDARD = gnu99;
				GCC_NO_COMMON_BLOCKS = YES;
				GCC_WARN_64_TO_32_BIT_CONVERSION = YES;
				GCC_WARN_ABOUT_RETURN_TYPE = YES_ERROR;
				GCC_WARN_UNDECLARED_SELECTOR = YES;
				GCC_WARN_UNINITIALIZED_AUTOS = YES_AGGRESSIVE;
				GCC_WARN_UNUSED_FUNCTION = YES;
				GCC_WARN_UNUSED_VARIABLE = YES;
				IPHONEOS_DEPLOYMENT_TARGET = 10.3;
				MTL_ENABLE_DEBUG_INFO = NO;
				SDKROOT = iphoneos;
				SWIFT_OPTIMIZATION_LEVEL = "-Owholemodule";
				TARGETED_DEVICE_FAMILY = "1,2";
				VALIDATE_PRODUCT = YES;
			};
			name = Release;
		};
		715113D71EAA717E0072A0CC /* Debug */ = {
			isa = XCBuildConfiguration;
			baseConfigurationReference = A4485E87E454C4D0A1502C48 /* Pods-swift-compiler-hang.debug.xcconfig */;
			buildSettings = {
				ASSETCATALOG_COMPILER_APPICON_NAME = AppIcon;
				DEVELOPMENT_TEAM = 99K375NN6J;
				INFOPLIST_FILE = "swift-compiler-hang/Info.plist";
				IPHONEOS_DEPLOYMENT_TARGET = 10.2;
				LD_RUNPATH_SEARCH_PATHS = "$(inherited) @executable_path/Frameworks";
				PRODUCT_BUNDLE_IDENTIFIER = "org.coffetrain.swift-compiler-hang";
				PRODUCT_NAME = "$(TARGET_NAME)";
				SWIFT_OBJC_BRIDGING_HEADER = "swift-compiler-hang/Bridging-Header.h";
				SWIFT_VERSION = 3.0;
			};
			name = Debug;
		};
		715113D81EAA717E0072A0CC /* Release */ = {
			isa = XCBuildConfiguration;
			baseConfigurationReference = A98B751A7CA984EBCC263ABF /* Pods-swift-compiler-hang.release.xcconfig */;
			buildSettings = {
				ASSETCATALOG_COMPILER_APPICON_NAME = AppIcon;
				DEVELOPMENT_TEAM = 99K375NN6J;
				INFOPLIST_FILE = "swift-compiler-hang/Info.plist";
				IPHONEOS_DEPLOYMENT_TARGET = 10.2;
				LD_RUNPATH_SEARCH_PATHS = "$(inherited) @executable_path/Frameworks";
				PRODUCT_BUNDLE_IDENTIFIER = "org.coffetrain.swift-compiler-hang";
				PRODUCT_NAME = "$(TARGET_NAME)";
				SWIFT_OBJC_BRIDGING_HEADER = "swift-compiler-hang/Bridging-Header.h";
				SWIFT_VERSION = 3.0;
			};
			name = Release;
		};
/* End XCBuildConfiguration section */

/* Begin XCConfigurationList section */
		715113BF1EAA717D0072A0CC /* Build configuration list for PBXProject "swift-compiler-hang" */ = {
			isa = XCConfigurationList;
			buildConfigurations = (
				715113D41EAA717E0072A0CC /* Debug */,
				715113D51EAA717E0072A0CC /* Release */,
			);
			defaultConfigurationIsVisible = 0;
			defaultConfigurationName = Release;
		};
		715113D61EAA717E0072A0CC /* Build configuration list for PBXNativeTarget "swift-compiler-hang" */ = {
			isa = XCConfigurationList;
			buildConfigurations = (
				715113D71EAA717E0072A0CC /* Debug */,
				715113D81EAA717E0072A0CC /* Release */,
			);
			defaultConfigurationIsVisible = 0;
		};
/* End XCConfigurationList section */
	};
	rootObject = 715113BC1EAA717D0072A0CC /* Project object */;
}
